
Microsoft Visual Studio Solution File, Format Version 12.00
# Visual Studio Version 17
VisualStudioVersion = 17.9.34622.214
MinimumVisualStudioVersion = 10.0.40219.1
Project("{13B669BE-BB05-4DDF-9536-439F39A36129}") = "PHPWebProject1", "PHPWebProject1.phpproj", "{910CCD8A-CD66-4996-AF17-9ECCC1682F46}"
EndProject
Global
	GlobalSection(SolutionConfigurationPlatforms) = preSolution
		Debug|Any CPU = Debug|Any CPU
		Release|Any CPU = Release|Any CPU
	EndGlobalSection
	GlobalSection(ProjectConfigurationPlatforms) = postSolution
		{910CCD8A-CD66-4996-AF17-9ECCC1682F46}.Debug|Any CPU.ActiveCfg = Debug|Any CPU
		{910CCD8A-CD66-4996-AF17-9ECCC1682F46}.Debug|Any CPU.Build.0 = Debug|Any CPU
		{910CCD8A-CD66-4996-AF17-9ECCC1682F46}.Release|Any CPU.ActiveCfg = Release|Any CPU
		{910CCD8A-CD66-4996-AF17-9ECCC1682F46}.Release|Any CPU.Build.0 = Release|Any CPU
	EndGlobalSection
	GlobalSection(SolutionProperties) = preSolution
		HideSolutionNode = FALSE
	EndGlobalSection
	GlobalSection(ExtensibilityGlobals) = postSolution
		SolutionGuid = {576C1CFF-9E9A-4E63-B1A0-5812D20DEC0A}
	EndGlobalSection
EndGlobal
